
Microsoft Visual Studio Solution File, Format Version 12.00
# Visual Studio Version 17
VisualStudioVersion = 17.2.32526.322
MinimumVisualStudioVersion = 10.0.40219.1
Project("{FAE04EC0-301F-11D3-BF4B-00C04F79EFBC}") = "Valenity", "Valenity\Valenity.csproj", "{58799912-60EF-4FC8-A2DB-36CF2E808467}"
EndProject
Global
	GlobalSection(SolutionConfigurationPlatforms) = preSolution
		Debug|Any CPU = Debug|Any CPU
		Release|Any CPU = Release|Any CPU
	EndGlobalSection
	GlobalSection(ProjectConfigurationPlatforms) = postSolution
		{58799912-60EF-4FC8-A2DB-36CF2E808467}.Debug|Any CPU.ActiveCfg = Debug|Any CPU
		{58799912-60EF-4FC8-A2DB-36CF2E808467}.Debug|Any CPU.Build.0 = Debug|Any CPU
		{58799912-60EF-4FC8-A2DB-36CF2E808467}.Release|Any CPU.ActiveCfg = Release|Any CPU
		{58799912-60EF-4FC8-A2DB-36CF2E808467}.Release|Any CPU.Build.0 = Release|Any CPU
	EndGlobalSection
	GlobalSection(SolutionProperties) = preSolution
		HideSolutionNode = FALSE
	EndGlobalSection
	GlobalSection(ExtensibilityGlobals) = postSolution
		SolutionGuid = {D44D95D9-CEDE-484C-950A-A36EF217522E}
	EndGlobalSection
EndGlobal
